// !$*UTF8*$!
{
	archiveVersion = 1;
	classes = {
	};
	objectVersion = 56;
	objects = {

/* Begin PBXBuildFile section */
		0803253B2BE714CA00CE6E2F /* Movie.swift in Sources */ = {isa = PBXBuildFile; fileRef = 0803253A2BE714CA00CE6E2F /* Movie.swift */; };
		0803253D2BE7150E00CE6E2F /* Session.swift in Sources */ = {isa = PBXBuildFile; fileRef = 0803253C2BE7150E00CE6E2F /* Session.swift */; };
		0803253F2BE7167B00CE6E2F /* Ticket.swift in Sources */ = {isa = PBXBuildFile; fileRef = 0803253E2BE7167B00CE6E2F /* Ticket.swift */; };
		080325412BE716C500CE6E2F /* Seat.swift in Sources */ = {isa = PBXBuildFile; fileRef = 080325402BE716C500CE6E2F /* Seat.swift */; };
		080325432BE7189F00CE6E2F /* ContentViewModel.swift in Sources */ = {isa = PBXBuildFile; fileRef = 080325422BE7189F00CE6E2F /* ContentViewModel.swift */; };
		080325452BE718D800CE6E2F /* MovieDetailViewModel.swift in Sources */ = {isa = PBXBuildFile; fileRef = 080325442BE718D800CE6E2F /* MovieDetailViewModel.swift */; };
		080325472BE7196D00CE6E2F /* SeatSelectionViewModel.swift in Sources */ = {isa = PBXBuildFile; fileRef = 080325462BE7196D00CE6E2F /* SeatSelectionViewModel.swift */; };
		080325492BE71B4300CE6E2F /* SampleMoviesProvider.swift in Sources */ = {isa = PBXBuildFile; fileRef = 080325482BE71B4300CE6E2F /* SampleMoviesProvider.swift */; };
		0803254F2BE72DFD00CE6E2F /* MovieDetailView.swift in Sources */ = {isa = PBXBuildFile; fileRef = 0803254E2BE72DFD00CE6E2F /* MovieDetailView.swift */; };
		080325512BE72E2900CE6E2F /* SeatSelectionView.swift in Sources */ = {isa = PBXBuildFile; fileRef = 080325502BE72E2900CE6E2F /* SeatSelectionView.swift */; };
		0803255A2BE86E6200CE6E2F /* OrdersView.swift in Sources */ = {isa = PBXBuildFile; fileRef = 080325592BE86E6200CE6E2F /* OrdersView.swift */; };
		0803255C2BE8709100CE6E2F /* Order.swift in Sources */ = {isa = PBXBuildFile; fileRef = 0803255B2BE8709100CE6E2F /* Order.swift */; };
		0803255E2BE870BA00CE6E2F /* OrderViewModel.swift in Sources */ = {isa = PBXBuildFile; fileRef = 0803255D2BE870BA00CE6E2F /* OrderViewModel.swift */; };
		080EEBC42BEC608D005E0012 /* MovieCardView.swift in Sources */ = {isa = PBXBuildFile; fileRef = 080EEBC32BEC608D005E0012 /* MovieCardView.swift */; };
		080EEBC62BEC60B0005E0012 /* SeatView.swift in Sources */ = {isa = PBXBuildFile; fileRef = 080EEBC52BEC60B0005E0012 /* SeatView.swift */; };
		080EEBC82BEC8A21005E0012 /* ReleasedMovie.swift in Sources */ = {isa = PBXBuildFile; fileRef = 080EEBC72BEC8A21005E0012 /* ReleasedMovie.swift */; };
		080EEBCA2BEC8A7C005E0012 /* ComingSoonMovie.swift in Sources */ = {isa = PBXBuildFile; fileRef = 080EEBC92BEC8A7C005E0012 /* ComingSoonMovie.swift */; };
		08916ABB2BEB9288002FA2AD /* AccountView.swift in Sources */ = {isa = PBXBuildFile; fileRef = 08916ABA2BEB9288002FA2AD /* AccountView.swift */; };
		08B65B122BE500FB00CA1B2A /* CinemaApp.swift in Sources */ = {isa = PBXBuildFile; fileRef = 08B65B112BE500FB00CA1B2A /* CinemaApp.swift */; };
		08B65B142BE500FB00CA1B2A /* ContentView.swift in Sources */ = {isa = PBXBuildFile; fileRef = 08B65B132BE500FB00CA1B2A /* ContentView.swift */; };
		08B65B162BE500FD00CA1B2A /* Assets.xcassets in Resources */ = {isa = PBXBuildFile; fileRef = 08B65B152BE500FD00CA1B2A /* Assets.xcassets */; };
		08B65B192BE500FD00CA1B2A /* Preview Assets.xcassets in Resources */ = {isa = PBXBuildFile; fileRef = 08B65B182BE500FD00CA1B2A /* Preview Assets.xcassets */; };
/* End PBXBuildFile section */

/* Begin PBXFileReference section */
		0803253A2BE714CA00CE6E2F /* Movie.swift */ = {isa = PBXFileReference; lastKnownFileType = sourcecode.swift; path = Movie.swift; sourceTree = "<group>"; };
		0803253C2BE7150E00CE6E2F /* Session.swift */ = {isa = PBXFileReference; lastKnownFileType = sourcecode.swift; path = Session.swift; sourceTree = "<group>"; };
		0803253E2BE7167B00CE6E2F /* Ticket.swift */ = {isa = PBXFileReference; lastKnownFileType = sourcecode.swift; path = Ticket.swift; sourceTree = "<group>"; };
		080325402BE716C500CE6E2F /* Seat.swift */ = {isa = PBXFileReference; lastKnownFileType = sourcecode.swift; path = Seat.swift; sourceTree = "<group>"; };
		080325422BE7189F00CE6E2F /* ContentViewModel.swift */ = {isa = PBXFileReference; lastKnownFileType = sourcecode.swift; path = ContentViewModel.swift; sourceTree = "<group>"; };
		080325442BE718D800CE6E2F /* MovieDetailViewModel.swift */ = {isa = PBXFileReference; lastKnownFileType = sourcecode.swift; path = MovieDetailViewModel.swift; sourceTree = "<group>"; };
		080325462BE7196D00CE6E2F /* SeatSelectionViewModel.swift */ = {isa = PBXFileReference; lastKnownFileType = sourcecode.swift; path = SeatSelectionViewModel.swift; sourceTree = "<group>"; };
		080325482BE71B4300CE6E2F /* SampleMoviesProvider.swift */ = {isa = PBXFileReference; lastKnownFileType = sourcecode.swift; path = SampleMoviesProvider.swift; sourceTree = "<group>"; };
		0803254E2BE72DFD00CE6E2F /* MovieDetailView.swift */ = {isa = PBXFileReference; lastKnownFileType = sourcecode.swift; path = MovieDetailView.swift; sourceTree = "<group>"; };
		080325502BE72E2900CE6E2F /* SeatSelectionView.swift */ = {isa = PBXFileReference; lastKnownFileType = sourcecode.swift; path = SeatSelectionView.swift; sourceTree = "<group>"; };
		080325592BE86E6200CE6E2F /* OrdersView.swift */ = {isa = PBXFileReference; lastKnownFileType = sourcecode.swift; path = OrdersView.swift; sourceTree = "<group>"; };
		0803255B2BE8709100CE6E2F /* Order.swift */ = {isa = PBXFileReference; lastKnownFileType = sourcecode.swift; path = Order.swift; sourceTree = "<group>"; };
		0803255D2BE870BA00CE6E2F /* OrderViewModel.swift */ = {isa = PBXFileReference; lastKnownFileType = sourcecode.swift; path = OrderViewModel.swift; sourceTree = "<group>"; };
		080EEBC32BEC608D005E0012 /* MovieCardView.swift */ = {isa = PBXFileReference; lastKnownFileType = sourcecode.swift; path = MovieCardView.swift; sourceTree = "<group>"; };
		080EEBC52BEC60B0005E0012 /* SeatView.swift */ = {isa = PBXFileReference; lastKnownFileType = sourcecode.swift; path = SeatView.swift; sourceTree = "<group>"; };
		080EEBC72BEC8A21005E0012 /* ReleasedMovie.swift */ = {isa = PBXFileReference; lastKnownFileType = sourcecode.swift; path = ReleasedMovie.swift; sourceTree = "<group>"; };
		080EEBC92BEC8A7C005E0012 /* ComingSoonMovie.swift */ = {isa = PBXFileReference; lastKnownFileType = sourcecode.swift; path = ComingSoonMovie.swift; sourceTree = "<group>"; };
		08916ABA2BEB9288002FA2AD /* AccountView.swift */ = {isa = PBXFileReference; lastKnownFileType = sourcecode.swift; path = AccountView.swift; sourceTree = "<group>"; };
		08B65B0E2BE500FB00CA1B2A /* Cinema.app */ = {isa = PBXFileReference; explicitFileType = wrapper.application; includeInIndex = 0; path = Cinema.app; sourceTree = BUILT_PRODUCTS_DIR; };
		08B65B112BE500FB00CA1B2A /* CinemaApp.swift */ = {isa = PBXFileReference; lastKnownFileType = sourcecode.swift; path = CinemaApp.swift; sourceTree = "<group>"; };
		08B65B132BE500FB00CA1B2A /* ContentView.swift */ = {isa = PBXFileReference; lastKnownFileType = sourcecode.swift; path = ContentView.swift; sourceTree = "<group>"; };
		08B65B152BE500FD00CA1B2A /* Assets.xcassets */ = {isa = PBXFileReference; lastKnownFileType = folder.assetcatalog; path = Assets.xcassets; sourceTree = "<group>"; };
		08B65B182BE500FD00CA1B2A /* Preview Assets.xcassets */ = {isa = PBXFileReference; lastKnownFileType = folder.assetcatalog; path = "Preview Assets.xcassets"; sourceTree = "<group>"; };
/* End PBXFileReference section */

/* Begin PBXFrameworksBuildPhase section */
		08B65B0B2BE500FB00CA1B2A /* Frameworks */ = {
			isa = PBXFrameworksBuildPhase;
			buildActionMask = 2147483647;
			files = (
			);
			runOnlyForDeploymentPostprocessing = 0;
		};
/* End PBXFrameworksBuildPhase section */

/* Begin PBXGroup section */
		080EEBC22BEC606C005E0012 /* ViewsComponents */ = {
			isa = PBXGroup;
			children = (
				080EEBC32BEC608D005E0012 /* MovieCardView.swift */,
				080EEBC52BEC60B0005E0012 /* SeatView.swift */,
			);
			path = ViewsComponents;
			sourceTree = "<group>";
		};
		08B65B052BE500FB00CA1B2A = {
			isa = PBXGroup;
			children = (
				08B65B102BE500FB00CA1B2A /* Cinema */,
				08B65B0F2BE500FB00CA1B2A /* Products */,
			);
			sourceTree = "<group>";
		};
		08B65B0F2BE500FB00CA1B2A /* Products */ = {
			isa = PBXGroup;
			children = (
				08B65B0E2BE500FB00CA1B2A /* Cinema.app */,
			);
			name = Products;
			sourceTree = "<group>";
		};
		08B65B102BE500FB00CA1B2A /* Cinema */ = {
			isa = PBXGroup;
			children = (
				08B65B212BE501A500CA1B2A /* ViewModel */,
				08B65B202BE5019B00CA1B2A /* View */,
				08B65B1F2BE5012200CA1B2A /* Model */,
				08B65B112BE500FB00CA1B2A /* CinemaApp.swift */,
				08B65B152BE500FD00CA1B2A /* Assets.xcassets */,
				080325482BE71B4300CE6E2F /* SampleMoviesProvider.swift */,
				08B65B172BE500FD00CA1B2A /* Preview Content */,
			);
			path = Cinema;
			sourceTree = "<group>";
		};
		08B65B172BE500FD00CA1B2A /* Preview Content */ = {
			isa = PBXGroup;
			children = (
				08B65B182BE500FD00CA1B2A /* Preview Assets.xcassets */,
			);
			path = "Preview Content";
			sourceTree = "<group>";
		};
		08B65B1F2BE5012200CA1B2A /* Model */ = {
			isa = PBXGroup;
			children = (
				0803253A2BE714CA00CE6E2F /* Movie.swift */,
				080EEBC72BEC8A21005E0012 /* ReleasedMovie.swift */,
				080EEBC92BEC8A7C005E0012 /* ComingSoonMovie.swift */,
				0803253C2BE7150E00CE6E2F /* Session.swift */,
				0803253E2BE7167B00CE6E2F /* Ticket.swift */,
				080325402BE716C500CE6E2F /* Seat.swift */,
				0803255B2BE8709100CE6E2F /* Order.swift */,
			);
			path = Model;
			sourceTree = "<group>";
		};
		08B65B202BE5019B00CA1B2A /* View */ = {
			isa = PBXGroup;
			children = (
				08B65B132BE500FB00CA1B2A /* ContentView.swift */,
				0803254E2BE72DFD00CE6E2F /* MovieDetailView.swift */,
				080325502BE72E2900CE6E2F /* SeatSelectionView.swift */,
				080325592BE86E6200CE6E2F /* OrdersView.swift */,
				08916ABA2BEB9288002FA2AD /* AccountView.swift */,
				080EEBC22BEC606C005E0012 /* ViewsComponents */,
			);
			path = View;
			sourceTree = "<group>";
		};
		08B65B212BE501A500CA1B2A /* ViewModel */ = {
			isa = PBXGroup;
			children = (
				080325422BE7189F00CE6E2F /* ContentViewModel.swift */,
				080325442BE718D800CE6E2F /* MovieDetailViewModel.swift */,
				080325462BE7196D00CE6E2F /* SeatSelectionViewModel.swift */,
				0803255D2BE870BA00CE6E2F /* OrderViewModel.swift */,
			);
			path = ViewModel;
			sourceTree = "<group>";
		};
/* End PBXGroup section */

/* Begin PBXNativeTarget section */
		08B65B0D2BE500FB00CA1B2A /* Cinema */ = {
			isa = PBXNativeTarget;
			buildConfigurationList = 08B65B1C2BE500FD00CA1B2A /* Build configuration list for PBXNativeTarget "Cinema" */;
			buildPhases = (
				08B65B0A2BE500FB00CA1B2A /* Sources */,
				08B65B0B2BE500FB00CA1B2A /* Frameworks */,
				08B65B0C2BE500FB00CA1B2A /* Resources */,
			);
			buildRules = (
			);
			dependencies = (
			);
			name = Cinema;
			productName = Cinema;
			productReference = 08B65B0E2BE500FB00CA1B2A /* Cinema.app */;
			productType = "com.apple.product-type.application";
		};
/* End PBXNativeTarget section */

/* Begin PBXProject section */
		08B65B062BE500FB00CA1B2A /* Project object */ = {
			isa = PBXProject;
			attributes = {
				BuildIndependentTargetsInParallel = 1;
				LastSwiftUpdateCheck = 1420;
				LastUpgradeCheck = 1420;
				TargetAttributes = {
					08B65B0D2BE500FB00CA1B2A = {
						CreatedOnToolsVersion = 14.2;
					};
				};
			};
			buildConfigurationList = 08B65B092BE500FB00CA1B2A /* Build configuration list for PBXProject "Cinema" */;
			compatibilityVersion = "Xcode 14.0";
			developmentRegion = en;
			hasScannedForEncodings = 0;
			knownRegions = (
				en,
				Base,
			);
			mainGroup = 08B65B052BE500FB00CA1B2A;
			productRefGroup = 08B65B0F2BE500FB00CA1B2A /* Products */;
			projectDirPath = "";
			projectRoot = "";
			targets = (
				08B65B0D2BE500FB00CA1B2A /* Cinema */,
			);
		};
/* End PBXProject section */

/* Begin PBXResourcesBuildPhase section */
		08B65B0C2BE500FB00CA1B2A /* Resources */ = {
			isa = PBXResourcesBuildPhase;
			buildActionMask = 2147483647;
			files = (
				08B65B192BE500FD00CA1B2A /* Preview Assets.xcassets in Resources */,
				08B65B162BE500FD00CA1B2A /* Assets.xcassets in Resources */,
			);
			runOnlyForDeploymentPostprocessing = 0;
		};
/* End PBXResourcesBuildPhase section */

/* Begin PBXSourcesBuildPhase section */
		08B65B0A2BE500FB00CA1B2A /* Sources */ = {
			isa = PBXSourcesBuildPhase;
			buildActionMask = 2147483647;
			files = (
				080EEBCA2BEC8A7C005E0012 /* ComingSoonMovie.swift in Sources */,
				0803253D2BE7150E00CE6E2F /* Session.swift in Sources */,
				08B65B142BE500FB00CA1B2A /* ContentView.swift in Sources */,
				08916ABB2BEB9288002FA2AD /* AccountView.swift in Sources */,
				080EEBC62BEC60B0005E0012 /* SeatView.swift in Sources */,
				080EEBC82BEC8A21005E0012 /* ReleasedMovie.swift in Sources */,
				080325492BE71B4300CE6E2F /* SampleMoviesProvider.swift in Sources */,
				080325412BE716C500CE6E2F /* Seat.swift in Sources */,
				080325432BE7189F00CE6E2F /* ContentViewModel.swift in Sources */,
				0803254F2BE72DFD00CE6E2F /* MovieDetailView.swift in Sources */,
				080EEBC42BEC608D005E0012 /* MovieCardView.swift in Sources */,
				0803255E2BE870BA00CE6E2F /* OrderViewModel.swift in Sources */,
				0803255A2BE86E6200CE6E2F /* OrdersView.swift in Sources */,
				080325452BE718D800CE6E2F /* MovieDetailViewModel.swift in Sources */,
				0803253F2BE7167B00CE6E2F /* Ticket.swift in Sources */,
				08B65B122BE500FB00CA1B2A /* CinemaApp.swift in Sources */,
				080325512BE72E2900CE6E2F /* SeatSelectionView.swift in Sources */,
				0803255C2BE8709100CE6E2F /* Order.swift in Sources */,
				080325472BE7196D00CE6E2F /* SeatSelectionViewModel.swift in Sources */,
				0803253B2BE714CA00CE6E2F /* Movie.swift in Sources */,
			);
			runOnlyForDeploymentPostprocessing = 0;
		};
/* End PBXSourcesBuildPhase section */

/* Begin XCBuildConfiguration section */
		08B65B1A2BE500FD00CA1B2A /* Debug */ = {
			isa = XCBuildConfiguration;
			buildSettings = {
				ALWAYS_SEARCH_USER_PATHS = NO;
				CLANG_ANALYZER_NONNULL = YES;
				CLANG_ANALYZER_NUMBER_OBJECT_CONVERSION = YES_AGGRESSIVE;
				CLANG_CXX_LANGUAGE_STANDARD = "gnu++20";
				CLANG_ENABLE_MODULES = YES;
				CLANG_ENABLE_OBJC_ARC = YES;
				CLANG_ENABLE_OBJC_WEAK = YES;
				CLANG_WARN_BLOCK_CAPTURE_AUTORELEASING = YES;
				CLANG_WARN_BOOL_CONVERSION = YES;
				CLANG_WARN_COMMA = YES;
				CLANG_WARN_CONSTANT_CONVERSION = YES;
				CLANG_WARN_DEPRECATED_OBJC_IMPLEMENTATIONS = YES;
				CLANG_WARN_DIRECT_OBJC_ISA_USAGE = YES_ERROR;
				CLANG_WARN_DOCUMENTATION_COMMENTS = YES;
				CLANG_WARN_EMPTY_BODY = YES;
				CLANG_WARN_ENUM_CONVERSION = YES;
				CLANG_WARN_INFINITE_RECURSION = YES;
				CLANG_WARN_INT_CONVERSION = YES;
				CLANG_WARN_NON_LITERAL_NULL_CONVERSION = YES;
				CLANG_WARN_OBJC_IMPLICIT_RETAIN_SELF = YES;
				CLANG_WARN_OBJC_LITERAL_CONVERSION = YES;
				CLANG_WARN_OBJC_ROOT_CLASS = YES_ERROR;
				CLANG_WARN_QUOTED_INCLUDE_IN_FRAMEWORK_HEADER = YES;
				CLANG_WARN_RANGE_LOOP_ANALYSIS = YES;
				CLANG_WARN_STRICT_PROTOTYPES = YES;
				CLANG_WARN_SUSPICIOUS_MOVE = YES;
				CLANG_WARN_UNGUARDED_AVAILABILITY = YES_AGGRESSIVE;
				CLANG_WARN_UNREACHABLE_CODE = YES;
				CLANG_WARN__DUPLICATE_METHOD_MATCH = YES;
				COPY_PHASE_STRIP = NO;
				DEBUG_INFORMATION_FORMAT = dwarf;
				ENABLE_STRICT_OBJC_MSGSEND = YES;
				ENABLE_TESTABILITY = YES;
				GCC_C_LANGUAGE_STANDARD = gnu11;
				GCC_DYNAMIC_NO_PIC = NO;
				GCC_NO_COMMON_BLOCKS = YES;
				GCC_OPTIMIZATION_LEVEL = 0;
				GCC_PREPROCESSOR_DEFINITIONS = (
					"DEBUG=1",
					"$(inherited)",
				);
				GCC_WARN_64_TO_32_BIT_CONVERSION = YES;
				GCC_WARN_ABOUT_RETURN_TYPE = YES_ERROR;
				GCC_WARN_UNDECLARED_SELECTOR = YES;
				GCC_WARN_UNINITIALIZED_AUTOS = YES_AGGRESSIVE;
				GCC_WARN_UNUSED_FUNCTION = YES;
				GCC_WARN_UNUSED_VARIABLE = YES;
				IPHONEOS_DEPLOYMENT_TARGET = 16.2;
				MTL_ENABLE_DEBUG_INFO = INCLUDE_SOURCE;
				MTL_FAST_MATH = YES;
				ONLY_ACTIVE_ARCH = YES;
				SDKROOT = iphoneos;
				SWIFT_ACTIVE_COMPILATION_CONDITIONS = DEBUG;
				SWIFT_OPTIMIZATION_LEVEL = "-Onone";
			};
			name = Debug;
		};
		08B65B1B2BE500FD00CA1B2A /* Release */ = {
			isa = XCBuildConfiguration;
			buildSettings = {
				ALWAYS_SEARCH_USER_PATHS = NO;
				CLANG_ANALYZER_NONNULL = YES;
				CLANG_ANALYZER_NUMBER_OBJECT_CONVERSION = YES_AGGRESSIVE;
				CLANG_CXX_LANGUAGE_STANDARD = "gnu++20";
				CLANG_ENABLE_MODULES = YES;
				CLANG_ENABLE_OBJC_ARC = YES;
				CLANG_ENABLE_OBJC_WEAK = YES;
				CLANG_WARN_BLOCK_CAPTURE_AUTORELEASING = YES;
				CLANG_WARN_BOOL_CONVERSION = YES;
				CLANG_WARN_COMMA = YES;
				CLANG_WARN_CONSTANT_CONVERSION = YES;
				CLANG_WARN_DEPRECATED_OBJC_IMPLEMENTATIONS = YES;
				CLANG_WARN_DIRECT_OBJC_ISA_USAGE = YES_ERROR;
				CLANG_WARN_DOCUMENTATION_COMMENTS = YES;
				CLANG_WARN_EMPTY_BODY = YES;
				CLANG_WARN_ENUM_CONVERSION = YES;
				CLANG_WARN_INFINITE_RECURSION = YES;
				CLANG_WARN_INT_CONVERSION = YES;
				CLANG_WARN_NON_LITERAL_NULL_CONVERSION = YES;
				CLANG_WARN_OBJC_IMPLICIT_RETAIN_SELF = YES;
				CLANG_WARN_OBJC_LITERAL_CONVERSION = YES;
				CLANG_WARN_OBJC_ROOT_CLASS = YES_ERROR;
				CLANG_WARN_QUOTED_INCLUDE_IN_FRAMEWORK_HEADER = YES;
				CLANG_WARN_RANGE_LOOP_ANALYSIS = YES;
				CLANG_WARN_STRICT_PROTOTYPES = YES;
				CLANG_WARN_SUSPICIOUS_MOVE = YES;
				CLANG_WARN_UNGUARDED_AVAILABILITY = YES_AGGRESSIVE;
				CLANG_WARN_UNREACHABLE_CODE = YES;
				CLANG_WARN__DUPLICATE_METHOD_MATCH = YES;
				COPY_PHASE_STRIP = NO;
				DEBUG_INFORMATION_FORMAT = "dwarf-with-dsym";
				ENABLE_NS_ASSERTIONS = NO;
				ENABLE_STRICT_OBJC_MSGSEND = YES;
				GCC_C_LANGUAGE_STANDARD = gnu11;
				GCC_NO_COMMON_BLOCKS = YES;
				GCC_WARN_64_TO_32_BIT_CONVERSION = YES;
				GCC_WARN_ABOUT_RETURN_TYPE = YES_ERROR;
				GCC_WARN_UNDECLARED_SELECTOR = YES;
				GCC_WARN_UNINITIALIZED_AUTOS = YES_AGGRESSIVE;
				GCC_WARN_UNUSED_FUNCTION = YES;
				GCC_WARN_UNUSED_VARIABLE = YES;
				IPHONEOS_DEPLOYMENT_TARGET = 16.2;
				MTL_ENABLE_DEBUG_INFO = NO;
				MTL_FAST_MATH = YES;
				SDKROOT = iphoneos;
				SWIFT_COMPILATION_MODE = wholemodule;
				SWIFT_OPTIMIZATION_LEVEL = "-O";
				VALIDATE_PRODUCT = YES;
			};
			name = Release;
		};
		08B65B1D2BE500FD00CA1B2A /* Debug */ = {
			isa = XCBuildConfiguration;
			buildSettings = {
				ASSETCATALOG_COMPILER_APPICON_NAME = AppIcon;
				ASSETCATALOG_COMPILER_GLOBAL_ACCENT_COLOR_NAME = AccentColor;
				CODE_SIGN_STYLE = Automatic;
				CURRENT_PROJECT_VERSION = 1;
				DEVELOPMENT_ASSET_PATHS = "\"Cinema/Preview Content\"";
				ENABLE_PREVIEWS = YES;
				GENERATE_INFOPLIST_FILE = YES;
				INFOPLIST_KEY_UIApplicationSceneManifest_Generation = YES;
				INFOPLIST_KEY_UIApplicationSupportsIndirectInputEvents = YES;
				INFOPLIST_KEY_UILaunchScreen_Generation = YES;
				INFOPLIST_KEY_UISupportedInterfaceOrientations_iPad = "UIInterfaceOrientationPortrait UIInterfaceOrientationPortraitUpsideDown UIInterfaceOrientationLandscapeLeft UIInterfaceOrientationLandscapeRight";
				INFOPLIST_KEY_UISupportedInterfaceOrientations_iPhone = "UIInterfaceOrientationPortrait UIInterfaceOrientationLandscapeLeft UIInterfaceOrientationLandscapeRight";
				LD_RUNPATH_SEARCH_PATHS = (
					"$(inherited)",
					"@executable_path/Frameworks",
				);
				MARKETING_VERSION = 1.0;
				PRODUCT_BUNDLE_IDENTIFIER = idk.Cinema;
				PRODUCT_NAME = "$(TARGET_NAME)";
				SWIFT_EMIT_LOC_STRINGS = YES;
				SWIFT_VERSION = 5.0;
				TARGETED_DEVICE_FAMILY = "1,2";
			};
			name = Debug;
		};
		08B65B1E2BE500FD00CA1B2A /* Release */ = {
			isa = XCBuildConfiguration;
			buildSettings = {
				ASSETCATALOG_COMPILER_APPICON_NAME = AppIcon;
				ASSETCATALOG_COMPILER_GLOBAL_ACCENT_COLOR_NAME = AccentColor;
				CODE_SIGN_STYLE = Automatic;
				CURRENT_PROJECT_VERSION = 1;
				DEVELOPMENT_ASSET_PATHS = "\"Cinema/Preview Content\"";
				ENABLE_PREVIEWS = YES;
				GENERATE_INFOPLIST_FILE = YES;
				INFOPLIST_KEY_UIApplicationSceneManifest_Generation = YES;
				INFOPLIST_KEY_UIApplicationSupportsIndirectInputEvents = YES;
				INFOPLIST_KEY_UILaunchScreen_Generation = YES;
				INFOPLIST_KEY_UISupportedInterfaceOrientations_iPad = "UIInterfaceOrientationPortrait UIInterfaceOrientationPortraitUpsideDown UIInterfaceOrientationLandscapeLeft UIInterfaceOrientationLandscapeRight";
				INFOPLIST_KEY_UISupportedInterfaceOrientations_iPhone = "UIInterfaceOrientationPortrait UIInterfaceOrientationLandscapeLeft UIInterfaceOrientationLandscapeRight";
				LD_RUNPATH_SEARCH_PATHS = (
					"$(inherited)",
					"@executable_path/Frameworks",
				);
				MARKETING_VERSION = 1.0;
				PRODUCT_BUNDLE_IDENTIFIER = idk.Cinema;
				PRODUCT_NAME = "$(TARGET_NAME)";
				SWIFT_EMIT_LOC_STRINGS = YES;
				SWIFT_VERSION = 5.0;
				TARGETED_DEVICE_FAMILY = "1,2";
			};
			name = Release;
		};
/* End XCBuildConfiguration section */

/* Begin XCConfigurationList section */
		08B65B092BE500FB00CA1B2A /* Build configuration list for PBXProject "Cinema" */ = {
			isa = XCConfigurationList;
			buildConfigurations = (
				08B65B1A2BE500FD00CA1B2A /* Debug */,
				08B65B1B2BE500FD00CA1B2A /* Release */,
			);
			defaultConfigurationIsVisible = 0;
			defaultConfigurationName = Release;
		};
		08B65B1C2BE500FD00CA1B2A /* Build configuration list for PBXNativeTarget "Cinema" */ = {
			isa = XCConfigurationList;
			buildConfigurations = (
				08B65B1D2BE500FD00CA1B2A /* Debug */,
				08B65B1E2BE500FD00CA1B2A /* Release */,
			);
			defaultConfigurationIsVisible = 0;
			defaultConfigurationName = Release;
		};
/* End XCConfigurationList section */
	};
	rootObject = 08B65B062BE500FB00CA1B2A /* Project object */;
}
